
Microsoft Visual Studio Solution File, Format Version 11.00
# Visual Studio 2010
Project("{8BC9CEB8-8B4A-11D0-8D11-00A0C91BC942}") = "ZPhotoIODEMO", "ZPhotoIODEMO\ZPhotoIODEMO.vcxproj", "{EBA08A16-113E-4326-AA10-FA9C30338ED9}"
EndProject
Global
	GlobalSection(SolutionConfigurationPlatforms) = preSolution
		Debug|Win32 = Debug|Win32
		Release|Win32 = Release|Win32
	EndGlobalSection
	GlobalSection(ProjectConfigurationPlatforms) = postSolution
		{EBA08A16-113E-4326-AA10-FA9C30338ED9}.Debug|Win32.ActiveCfg = Debug|Win32
		{EBA08A16-113E-4326-AA10-FA9C30338ED9}.Debug|Win32.Build.0 = Debug|Win32
		{EBA08A16-113E-4326-AA10-FA9C30338ED9}.Release|Win32.ActiveCfg = Release|Win32
		{EBA08A16-113E-4326-AA10-FA9C30338ED9}.Release|Win32.Build.0 = Release|Win32
	EndGlobalSection
	GlobalSection(SolutionProperties) = preSolution
		HideSolutionNode = FALSE
	EndGlobalSection
EndGlobal
